
Microsoft Visual Studio Solution File, Format Version 12.00
# Visual Studio Version 17
VisualStudioVersion = 17.0.32014.148
MinimumVisualStudioVersion = 10.0.40219.1
Project("{2150E333-8FDC-42A3-9474-1A3956D46DE8}") = "Solution items", "Solution items", "{B194B3FB-53C8-4C5D-ABC3-EAB6A52C674D}"
	ProjectSection(SolutionItems) = preProject
		.editorconfig = .editorconfig
		.gitignore = .gitignore
		Directory.Build.props = Directory.Build.props
		Directory.Build.targets = Directory.Build.targets
		LICENSE = LICENSE
		logo.64x64.png = logo.64x64.png
		logo.jpg = logo.jpg
		migration.md = migration.md
		README.md = README.md
	EndProjectSection
EndProject
Project("{9A19103F-16F7-4668-BE54-9A1E7A4F7556}") = "Tests", "src\Tests\Tests.csproj", "{BA5F3790-9FE0-4A10-8528-0756334AC727}"
EndProject
Project("{2150E333-8FDC-42A3-9474-1A3956D46DE8}") = "Workflows", "Workflows", "{550AC577-2A09-4F52-8831-195D1431F10A}"
	ProjectSection(SolutionItems) = preProject
		.github\workflows\build.yml = .github\workflows\build.yml
		.github\workflows\format.yml = .github\workflows\format.yml
		.github\workflows\publish.yml = .github\workflows\publish.yml
		.github\workflows\test.yml = .github\workflows\test.yml
	EndProjectSection
EndProject
Project("{2150E333-8FDC-42A3-9474-1A3956D46DE8}") = "Samples", "Samples", "{BBF05360-8AE2-4615-847F-DF1A5ECF0B73}"
EndProject
Project("{9A19103F-16F7-4668-BE54-9A1E7A4F7556}") = "Chat", "src\Samples\ChatSchema\Chat.csproj", "{FDF204CE-B7C6-48A1-9B38-BA9301B669DA}"
EndProject
Project("{9A19103F-16F7-4668-BE54-9A1E7A4F7556}") = "MultipleSchema", "src\Samples\MultipleSchema\MultipleSchema.csproj", "{DE8D9354-B800-4666-AC9B-199B3651AF8B}"
EndProject
Project("{9A19103F-16F7-4668-BE54-9A1E7A4F7556}") = "BasicSample", "src\Samples\BasicSample\BasicSample.csproj", "{D5019AA6-6BB3-4105-9705-25294C4F1482}"
EndProject
Project("{9A19103F-16F7-4668-BE54-9A1E7A4F7556}") = "ControllerSample", "src\Samples\ControllerSample\ControllerSample.csproj", "{C1243960-387D-4942-BBB5-C1D67FE8FD54}"
EndProject
Project("{9A19103F-16F7-4668-BE54-9A1E7A4F7556}") = "EndpointRoutingSample", "src\Samples\EndpointRoutingSample\EndpointRoutingSample.csproj", "{4105F22A-AABD-49AB-A9DF-513683AC6A0F}"
EndProject
Project("{9A19103F-16F7-4668-BE54-9A1E7A4F7556}") = "PagesSample", "src\Samples\PagesSample\PagesSample.csproj", "{1C67EC05-89BA-4C14-A874-7A0D8A2D564B}"
EndProject
Project("{9A19103F-16F7-4668-BE54-9A1E7A4F7556}") = "GraphQL.AspNetCore3", "src\GraphQL.AspNetCore3\GraphQL.AspNetCore3.csproj", "{8DFDAD38-C530-4A90-B1F3-C26491FFA0A7}"
EndProject
Project("{9A19103F-16F7-4668-BE54-9A1E7A4F7556}") = "Tests.ApiTests", "src\Tests.ApiApprovals\Tests.ApiTests.csproj", "{610E33F5-E136-427C-A501-025E7C54A576}"
EndProject
Project("{9A19103F-16F7-4668-BE54-9A1E7A4F7556}") = "AuthorizationSample", "src\Samples\AuthorizationSample\AuthorizationSample.csproj", "{512A40B4-C371-4437-AF85-E28ACAA541EE}"
EndProject
Project("{9A19103F-16F7-4668-BE54-9A1E7A4F7556}") = "CorsSample", "src\Samples\CorsSample\CorsSample.csproj", "{497A03EF-7619-439C-8DE3-05365B334530}"
EndProject
Global
	GlobalSection(SolutionConfigurationPlatforms) = preSolution
		Debug|Any CPU = Debug|Any CPU
		Release|Any CPU = Release|Any CPU
	EndGlobalSection
	GlobalSection(ProjectConfigurationPlatforms) = postSolution
		{BA5F3790-9FE0-4A10-8528-0756334AC727}.Debug|Any CPU.ActiveCfg = Debug|Any CPU
		{BA5F3790-9FE0-4A10-8528-0756334AC727}.Debug|Any CPU.Build.0 = Debug|Any CPU
		{BA5F3790-9FE0-4A10-8528-0756334AC727}.Release|Any CPU.ActiveCfg = Release|Any CPU
		{BA5F3790-9FE0-4A10-8528-0756334AC727}.Release|Any CPU.Build.0 = Release|Any CPU
		{FDF204CE-B7C6-48A1-9B38-BA9301B669DA}.Debug|Any CPU.ActiveCfg = Debug|Any CPU
		{FDF204CE-B7C6-48A1-9B38-BA9301B669DA}.Debug|Any CPU.Build.0 = Debug|Any CPU
		{FDF204CE-B7C6-48A1-9B38-BA9301B669DA}.Release|Any CPU.ActiveCfg = Release|Any CPU
		{FDF204CE-B7C6-48A1-9B38-BA9301B669DA}.Release|Any CPU.Build.0 = Release|Any CPU
		{DE8D9354-B800-4666-AC9B-199B3651AF8B}.Debug|Any CPU.ActiveCfg = Debug|Any CPU
		{DE8D9354-B800-4666-AC9B-199B3651AF8B}.Debug|Any CPU.Build.0 = Debug|Any CPU
		{DE8D9354-B800-4666-AC9B-199B3651AF8B}.Release|Any CPU.ActiveCfg = Release|Any CPU
		{DE8D9354-B800-4666-AC9B-199B3651AF8B}.Release|Any CPU.Build.0 = Release|Any CPU
		{D5019AA6-6BB3-4105-9705-25294C4F1482}.Debug|Any CPU.ActiveCfg = Debug|Any CPU
		{D5019AA6-6BB3-4105-9705-25294C4F1482}.Debug|Any CPU.Build.0 = Debug|Any CPU
		{D5019AA6-6BB3-4105-9705-25294C4F1482}.Release|Any CPU.ActiveCfg = Release|Any CPU
		{D5019AA6-6BB3-4105-9705-25294C4F1482}.Release|Any CPU.Build.0 = Release|Any CPU
		{C1243960-387D-4942-BBB5-C1D67FE8FD54}.Debug|Any CPU.ActiveCfg = Debug|Any CPU
		{C1243960-387D-4942-BBB5-C1D67FE8FD54}.Debug|Any CPU.Build.0 = Debug|Any CPU
		{C1243960-387D-4942-BBB5-C1D67FE8FD54}.Release|Any CPU.ActiveCfg = Release|Any CPU
		{C1243960-387D-4942-BBB5-C1D67FE8FD54}.Release|Any CPU.Build.0 = Release|Any CPU
		{4105F22A-AABD-49AB-A9DF-513683AC6A0F}.Debug|Any CPU.ActiveCfg = Debug|Any CPU
		{4105F22A-AABD-49AB-A9DF-513683AC6A0F}.Debug|Any CPU.Build.0 = Debug|Any CPU
		{4105F22A-AABD-49AB-A9DF-513683AC6A0F}.Release|Any CPU.ActiveCfg = Release|Any CPU
		{4105F22A-AABD-49AB-A9DF-513683AC6A0F}.Release|Any CPU.Build.0 = Release|Any CPU
		{1C67EC05-89BA-4C14-A874-7A0D8A2D564B}.Debug|Any CPU.ActiveCfg = Debug|Any CPU
		{1C67EC05-89BA-4C14-A874-7A0D8A2D564B}.Debug|Any CPU.Build.0 = Debug|Any CPU
		{1C67EC05-89BA-4C14-A874-7A0D8A2D564B}.Release|Any CPU.ActiveCfg = Release|Any CPU
		{1C67EC05-89BA-4C14-A874-7A0D8A2D564B}.Release|Any CPU.Build.0 = Release|Any CPU
		{8DFDAD38-C530-4A90-B1F3-C26491FFA0A7}.Debug|Any CPU.ActiveCfg = Debug|Any CPU
		{8DFDAD38-C530-4A90-B1F3-C26491FFA0A7}.Debug|Any CPU.Build.0 = Debug|Any CPU
		{8DFDAD38-C530-4A90-B1F3-C26491FFA0A7}.Release|Any CPU.ActiveCfg = Release|Any CPU
		{8DFDAD38-C530-4A90-B1F3-C26491FFA0A7}.Release|Any CPU.Build.0 = Release|Any CPU
		{610E33F5-E136-427C-A501-025E7C54A576}.Debug|Any CPU.ActiveCfg = Debug|Any CPU
		{610E33F5-E136-427C-A501-025E7C54A576}.Debug|Any CPU.Build.0 = Debug|Any CPU
		{610E33F5-E136-427C-A501-025E7C54A576}.Release|Any CPU.ActiveCfg = Release|Any CPU
		{610E33F5-E136-427C-A501-025E7C54A576}.Release|Any CPU.Build.0 = Release|Any CPU
		{512A40B4-C371-4437-AF85-E28ACAA541EE}.Debug|Any CPU.ActiveCfg = Debug|Any CPU
		{512A40B4-C371-4437-AF85-E28ACAA541EE}.Debug|Any CPU.Build.0 = Debug|Any CPU
		{512A40B4-C371-4437-AF85-E28ACAA541EE}.Release|Any CPU.ActiveCfg = Release|Any CPU
		{512A40B4-C371-4437-AF85-E28ACAA541EE}.Release|Any CPU.Build.0 = Release|Any CPU
		{497A03EF-7619-439C-8DE3-05365B334530}.Debug|Any CPU.ActiveCfg = Debug|Any CPU
		{497A03EF-7619-439C-8DE3-05365B334530}.Debug|Any CPU.Build.0 = Debug|Any CPU
		{497A03EF-7619-439C-8DE3-05365B334530}.Release|Any CPU.ActiveCfg = Release|Any CPU
		{497A03EF-7619-439C-8DE3-05365B334530}.Release|Any CPU.Build.0 = Release|Any CPU
	EndGlobalSection
	GlobalSection(SolutionProperties) = preSolution
		HideSolutionNode = FALSE
	EndGlobalSection
	GlobalSection(NestedProjects) = preSolution
		{FDF204CE-B7C6-48A1-9B38-BA9301B669DA} = {BBF05360-8AE2-4615-847F-DF1A5ECF0B73}
		{DE8D9354-B800-4666-AC9B-199B3651AF8B} = {BBF05360-8AE2-4615-847F-DF1A5ECF0B73}
		{D5019AA6-6BB3-4105-9705-25294C4F1482} = {BBF05360-8AE2-4615-847F-DF1A5ECF0B73}
		{C1243960-387D-4942-BBB5-C1D67FE8FD54} = {BBF05360-8AE2-4615-847F-DF1A5ECF0B73}
		{4105F22A-AABD-49AB-A9DF-513683AC6A0F} = {BBF05360-8AE2-4615-847F-DF1A5ECF0B73}
		{1C67EC05-89BA-4C14-A874-7A0D8A2D564B} = {BBF05360-8AE2-4615-847F-DF1A5ECF0B73}
		{512A40B4-C371-4437-AF85-E28ACAA541EE} = {BBF05360-8AE2-4615-847F-DF1A5ECF0B73}
		{497A03EF-7619-439C-8DE3-05365B334530} = {BBF05360-8AE2-4615-847F-DF1A5ECF0B73}
	EndGlobalSection
	GlobalSection(ExtensibilityGlobals) = postSolution
		SolutionGuid = {2F4CB57B-6B6A-4D65-A801-402A4312D4A8}
	EndGlobalSection
EndGlobal
